// !$*UTF8*$!
{
	archiveVersion = 1;
	classes = {
	};
	objectVersion = 46;
	objects = {

/* Begin PBXBuildFile section */
		185DD5841F3C5AB3002EBB81 /* main.cpp in Sources */ = {isa = PBXBuildFile; fileRef = 185DD5831F3C5AB3002EBB81 /* main.cpp */; };
		185DD58C1F3C5AD8002EBB81 /* BSTTree.cpp in Sources */ = {isa = PBXBuildFile; fileRef = 185DD58A1F3C5AD8002EBB81 /* BSTTree.cpp */; };
		185DD58F1F3C5B21002EBB81 /* Node.cpp in Sources */ = {isa = PBXBuildFile; fileRef = 185DD58D1F3C5B21002EBB81 /* Node.cpp */; };
/* End PBXBuildFile section */

/* Begin PBXCopyFilesBuildPhase section */
		185DD57E1F3C5AB3002EBB81 /* CopyFiles */ = {
			isa = PBXCopyFilesBuildPhase;
			buildActionMask = 2147483647;
			dstPath = /usr/share/man/man1/;
			dstSubfolderSpec = 0;
			files = (
			);
			runOnlyForDeploymentPostprocessing = 1;
		};
/* End PBXCopyFilesBuildPhase section */

/* Begin PBXFileReference section */
		185DD5801F3C5AB3002EBB81 /* BSTTree */ = {isa = PBXFileReference; explicitFileType = "compiled.mach-o.executable"; includeInIndex = 0; path = BSTTree; sourceTree = BUILT_PRODUCTS_DIR; };
		185DD5831F3C5AB3002EBB81 /* main.cpp */ = {isa = PBXFileReference; lastKnownFileType = sourcecode.cpp.cpp; path = main.cpp; sourceTree = "<group>"; };
		185DD58A1F3C5AD8002EBB81 /* BSTTree.cpp */ = {isa = PBXFileReference; fileEncoding = 4; lastKnownFileType = sourcecode.cpp.cpp; path = BSTTree.cpp; sourceTree = "<group>"; };
		185DD58B1F3C5AD8002EBB81 /* BSTTree.hpp */ = {isa = PBXFileReference; fileEncoding = 4; lastKnownFileType = sourcecode.cpp.h; path = BSTTree.hpp; sourceTree = "<group>"; };
		185DD58D1F3C5B21002EBB81 /* Node.cpp */ = {isa = PBXFileReference; fileEncoding = 4; lastKnownFileType = sourcecode.cpp.cpp; path = Node.cpp; sourceTree = "<group>"; };
		185DD58E1F3C5B21002EBB81 /* Node.hpp */ = {isa = PBXFileReference; fileEncoding = 4; lastKnownFileType = sourcecode.cpp.h; path = Node.hpp; sourceTree = "<group>"; };
/* End PBXFileReference section */

/* Begin PBXFrameworksBuildPhase section */
		185DD57D1F3C5AB3002EBB81 /* Frameworks */ = {
			isa = PBXFrameworksBuildPhase;
			buildActionMask = 2147483647;
			files = (
			);
			runOnlyForDeploymentPostprocessing = 0;
		};
/* End PBXFrameworksBuildPhase section */

/* Begin PBXGroup section */
		185DD5771F3C5AB3002EBB81 = {
			isa = PBXGroup;
			children = (
				185DD5821F3C5AB3002EBB81 /* BSTTree */,
				185DD5811F3C5AB3002EBB81 /* Products */,
			);
			sourceTree = "<group>";
		};
		185DD5811F3C5AB3002EBB81 /* Products */ = {
			isa = PBXGroup;
			children = (
				185DD5801F3C5AB3002EBB81 /* BSTTree */,
			);
			name = Products;
			sourceTree = "<group>";
		};
		185DD5821F3C5AB3002EBB81 /* BSTTree */ = {
			isa = PBXGroup;
			children = (
				185DD5831F3C5AB3002EBB81 /* main.cpp */,
				185DD58A1F3C5AD8002EBB81 /* BSTTree.cpp */,
				185DD58B1F3C5AD8002EBB81 /* BSTTree.hpp */,
				185DD58D1F3C5B21002EBB81 /* Node.cpp */,
				185DD58E1F3C5B21002EBB81 /* Node.hpp */,
			);
			path = BSTTree;
			sourceTree = "<group>";
		};
/* End PBXGroup section */

/* Begin PBXNativeTarget section */
		185DD57F1F3C5AB3002EBB81 /* BSTTree */ = {
			isa = PBXNativeTarget;
			buildConfigurationList = 185DD5871F3C5AB3002EBB81 /* Build configuration list for PBXNativeTarget "BSTTree" */;
			buildPhases = (
				185DD57C1F3C5AB3002EBB81 /* Sources */,
				185DD57D1F3C5AB3002EBB81 /* Frameworks */,
				185DD57E1F3C5AB3002EBB81 /* CopyFiles */,
			);
			buildRules = (
			);
			dependencies = (
			);
			name = BSTTree;
			productName = BSTTree;
			productReference = 185DD5801F3C5AB3002EBB81 /* BSTTree */;
			productType = "com.apple.product-type.tool";
		};
/* End PBXNativeTarget section */

/* Begin PBXProject section */
		185DD5781F3C5AB3002EBB81 /* Project object */ = {
			isa = PBXProject;
			attributes = {
				LastUpgradeCheck = 0830;
				ORGANIZATIONNAME = apple;
				TargetAttributes = {
					185DD57F1F3C5AB3002EBB81 = {
						CreatedOnToolsVersion = 8.3.3;
						ProvisioningStyle = Automatic;
					};
				};
			};
			buildConfigurationList = 185DD57B1F3C5AB3002EBB81 /* Build configuration list for PBXProject "BSTTree" */;
			compatibilityVersion = "Xcode 3.2";
			developmentRegion = English;
			hasScannedForEncodings = 0;
			knownRegions = (
				en,
			);
			mainGroup = 185DD5771F3C5AB3002EBB81;
			productRefGroup = 185DD5811F3C5AB3002EBB81 /* Products */;
			projectDirPath = "";
			projectRoot = "";
			targets = (
				185DD57F1F3C5AB3002EBB81 /* BSTTree */,
			);
		};
/* End PBXProject section */

/* Begin PBXSourcesBuildPhase section */
		185DD57C1F3C5AB3002EBB81 /* Sources */ = {
			isa = PBXSourcesBuildPhase;
			buildActionMask = 2147483647;
			files = (
				185DD58F1F3C5B21002EBB81 /* Node.cpp in Sources */,
				185DD5841F3C5AB3002EBB81 /* main.cpp in Sources */,
				185DD58C1F3C5AD8002EBB81 /* BSTTree.cpp in Sources */,
			);
			runOnlyForDeploymentPostprocessing = 0;
		};
/* End PBXSourcesBuildPhase section */

/* Begin XCBuildConfiguration section */
		185DD5851F3C5AB3002EBB81 /* Debug */ = {
			isa = XCBuildConfiguration;
			buildSettings = {
				ALWAYS_SEARCH_USER_PATHS = NO;
				CLANG_ANALYZER_NONNULL = YES;
				CLANG_ANALYZER_NUMBER_OBJECT_CONVERSION = YES_AGGRESSIVE;
				CLANG_CXX_LANGUAGE_STANDARD = "gnu++0x";
				CLANG_CXX_LIBRARY = "libc++";
				CLANG_ENABLE_MODULES = YES;
				CLANG_ENABLE_OBJC_ARC = YES;
				CLANG_WARN_BOOL_CONVERSION = YES;
				CLANG_WARN_CONSTANT_CONVERSION = YES;
				CLANG_WARN_DIRECT_OBJC_ISA_USAGE = YES_ERROR;
				CLANG_WARN_DOCUMENTATION_COMMENTS = YES;
				CLANG_WARN_EMPTY_BODY = YES;
				CLANG_WARN_ENUM_CONVERSION = YES;
				CLANG_WARN_INFINITE_RECURSION = YES;
				CLANG_WARN_INT_CONVERSION = YES;
				CLANG_WARN_OBJC_ROOT_CLASS = YES_ERROR;
				CLANG_WARN_SUSPICIOUS_MOVE = YES;
				CLANG_WARN_UNREACHABLE_CODE = YES;
				CLANG_WARN__DUPLICATE_METHOD_MATCH = YES;
				CODE_SIGN_IDENTITY = "-";
				COPY_PHASE_STRIP = NO;
				DEBUG_INFORMATION_FORMAT = dwarf;
				ENABLE_STRICT_OBJC_MSGSEND = YES;
				ENABLE_TESTABILITY = YES;
				GCC_C_LANGUAGE_STANDARD = gnu99;
				GCC_DYNAMIC_NO_PIC = NO;
				GCC_NO_COMMON_BLOCKS = YES;
				GCC_OPTIMIZATION_LEVEL = 0;
				GCC_PREPROCESSOR_DEFINITIONS = (
					"DEBUG=1",
					"$(inherited)",
				);
				GCC_WARN_64_TO_32_BIT_CONVERSION = YES;
				GCC_WARN_ABOUT_RETURN_TYPE = YES_ERROR;
				GCC_WARN_UNDECLARED_SELECTOR = YES;
				GCC_WARN_UNINITIALIZED_AUTOS = YES_AGGRESSIVE;
				GCC_WARN_UNUSED_FUNCTION = YES;
				GCC_WARN_UNUSED_VARIABLE = YES;
				MACOSX_DEPLOYMENT_TARGET = 10.12;
				MTL_ENABLE_DEBUG_INFO = YES;
				ONLY_ACTIVE_ARCH = YES;
				SDKROOT = macosx;
			};
			name = Debug;
		};
		185DD5861F3C5AB3002EBB81 /* Release */ = {
			isa = XCBuildConfiguration;
			buildSettings = {
				ALWAYS_SEARCH_USER_PATHS = NO;
				CLANG_ANALYZER_NONNULL = YES;
				CLANG_ANALYZER_NUMBER_OBJECT_CONVERSION = YES_AGGRESSIVE;
				CLANG_CXX_LANGUAGE_STANDARD = "gnu++0x";
				CLANG_CXX_LIBRARY = "libc++";
				CLANG_ENABLE_MODULES = YES;
				CLANG_ENABLE_OBJC_ARC = YES;
				CLANG_WARN_BOOL_CONVERSION = YES;
				CLANG_WARN_CONSTANT_CONVERSION = YES;
				CLANG_WARN_DIRECT_OBJC_ISA_USAGE = YES_ERROR;
				CLANG_WARN_DOCUMENTATION_COMMENTS = YES;
				CLANG_WARN_EMPTY_BODY = YES;
				CLANG_WARN_ENUM_CONVERSION = YES;
				CLANG_WARN_INFINITE_RECURSION = YES;
				CLANG_WARN_INT_CONVERSION = YES;
				CLANG_WARN_OBJC_ROOT_CLASS = YES_ERROR;
				CLANG_WARN_SUSPICIOUS_MOVE = YES;
				CLANG_WARN_UNREACHABLE_CODE = YES;
				CLANG_WARN__DUPLICATE_METHOD_MATCH = YES;
				CODE_SIGN_IDENTITY = "-";
				COPY_PHASE_STRIP = NO;
				DEBUG_INFORMATION_FORMAT = "dwarf-with-dsym";
				ENABLE_NS_ASSERTIONS = NO;
				ENABLE_STRICT_OBJC_MSGSEND = YES;
				GCC_C_LANGUAGE_STANDARD = gnu99;
				GCC_NO_COMMON_BLOCKS = YES;
				GCC_WARN_64_TO_32_BIT_CONVERSION = YES;
				GCC_WARN_ABOUT_RETURN_TYPE = YES_ERROR;
				GCC_WARN_UNDECLARED_SELECTOR = YES;
				GCC_WARN_UNINITIALIZED_AUTOS = YES_AGGRESSIVE;
				GCC_WARN_UNUSED_FUNCTION = YES;
				GCC_WARN_UNUSED_VARIABLE = YES;
				MACOSX_DEPLOYMENT_TARGET = 10.12;
				MTL_ENABLE_DEBUG_INFO = NO;
				SDKROOT = macosx;
			};
			name = Release;
		};
		185DD5881F3C5AB3002EBB81 /* Debug */ = {
			isa = XCBuildConfiguration;
			buildSettings = {
				PRODUCT_NAME = "$(TARGET_NAME)";
			};
			name = Debug;
		};
		185DD5891F3C5AB3002EBB81 /* Release */ = {
			isa = XCBuildConfiguration;
			buildSettings = {
				PRODUCT_NAME = "$(TARGET_NAME)";
			};
			name = Release;
		};
/* End XCBuildConfiguration section */

/* Begin XCConfigurationList section */
		185DD57B1F3C5AB3002EBB81 /* Build configuration list for PBXProject "BSTTree" */ = {
			isa = XCConfigurationList;
			buildConfigurations = (
				185DD5851F3C5AB3002EBB81 /* Debug */,
				185DD5861F3C5AB3002EBB81 /* Release */,
			);
			defaultConfigurationIsVisible = 0;
			defaultConfigurationName = Release;
		};
		185DD5871F3C5AB3002EBB81 /* Build configuration list for PBXNativeTarget "BSTTree" */ = {
			isa = XCConfigurationList;
			buildConfigurations = (
				185DD5881F3C5AB3002EBB81 /* Debug */,
				185DD5891F3C5AB3002EBB81 /* Release */,
			);
			defaultConfigurationIsVisible = 0;
		};
/* End XCConfigurationList section */
	};
	rootObject = 185DD5781F3C5AB3002EBB81 /* Project object */;
}
